
Microsoft Visual Studio Solution File, Format Version 11.00
# Visual Studio 2010
Project("{FAE04EC0-301F-11D3-BF4B-00C04F79EFBC}") = "Assembly-CSharp", "Assembly-CSharp.csproj", "{DC5BC427-84D8-1843-61C2-EE9C484B419A}"
EndProject
Project("{FAE04EC0-301F-11D3-BF4B-00C04F79EFBC}") = "Assembly-CSharp-firstpass", "Assembly-CSharp-firstpass.csproj", "{EA47EB6A-D2B2-433B-CF09-493A72599FAF}"
EndProject
Global
	GlobalSection(SolutionConfigurationPlatforms) = preSolution
		Debug|Any CPU = Debug|Any CPU
		Release|Any CPU = Release|Any CPU
	EndGlobalSection
	GlobalSection(ProjectConfigurationPlatforms) = postSolution
		{DC5BC427-84D8-1843-61C2-EE9C484B419A}.Debug|Any CPU.ActiveCfg = Debug|Any CPU
		{DC5BC427-84D8-1843-61C2-EE9C484B419A}.Debug|Any CPU.Build.0 = Debug|Any CPU
		{DC5BC427-84D8-1843-61C2-EE9C484B419A}.Release|Any CPU.ActiveCfg = Release|Any CPU
		{DC5BC427-84D8-1843-61C2-EE9C484B419A}.Release|Any CPU.Build.0 = Release|Any CPU
		{EA47EB6A-D2B2-433B-CF09-493A72599FAF}.Debug|Any CPU.ActiveCfg = Debug|Any CPU
		{EA47EB6A-D2B2-433B-CF09-493A72599FAF}.Debug|Any CPU.Build.0 = Debug|Any CPU
		{EA47EB6A-D2B2-433B-CF09-493A72599FAF}.Release|Any CPU.ActiveCfg = Release|Any CPU
		{EA47EB6A-D2B2-433B-CF09-493A72599FAF}.Release|Any CPU.Build.0 = Release|Any CPU
	EndGlobalSection
	GlobalSection(SolutionProperties) = preSolution
		HideSolutionNode = FALSE
	EndGlobalSection
	GlobalSection(MonoDevelopProperties) = preSolution
		StartupItem = Assembly-CSharp.csproj
	EndGlobalSection
EndGlobal
