
Microsoft Visual Studio Solution File, Format Version 11.00
# Visual Studio 2010
Project("{FAE04EC0-301F-11D3-BF4B-00C04F79EFBC}") = "Assembly-CSharp-firstpass", "Assembly-CSharp-firstpass.csproj", "{88E7DF66-B820-AA19-D932-F0990493F6B1}"
EndProject
Project("{FAE04EC0-301F-11D3-BF4B-00C04F79EFBC}") = "Assembly-CSharp", "Assembly-CSharp.csproj", "{43CAE4A4-82B7-D716-3ADC-5A8F0F52662C}"
EndProject
Global
	GlobalSection(SolutionConfigurationPlatforms) = preSolution
		Debug|Any CPU = Debug|Any CPU
		Release|Any CPU = Release|Any CPU
	EndGlobalSection
	GlobalSection(ProjectConfigurationPlatforms) = postSolution
		{88E7DF66-B820-AA19-D932-F0990493F6B1}.Debug|Any CPU.ActiveCfg = Debug|Any CPU
		{88E7DF66-B820-AA19-D932-F0990493F6B1}.Debug|Any CPU.Build.0 = Debug|Any CPU
		{88E7DF66-B820-AA19-D932-F0990493F6B1}.Release|Any CPU.ActiveCfg = Release|Any CPU
		{88E7DF66-B820-AA19-D932-F0990493F6B1}.Release|Any CPU.Build.0 = Release|Any CPU
		{43CAE4A4-82B7-D716-3ADC-5A8F0F52662C}.Debug|Any CPU.ActiveCfg = Debug|Any CPU
		{43CAE4A4-82B7-D716-3ADC-5A8F0F52662C}.Debug|Any CPU.Build.0 = Debug|Any CPU
		{43CAE4A4-82B7-D716-3ADC-5A8F0F52662C}.Release|Any CPU.ActiveCfg = Release|Any CPU
		{43CAE4A4-82B7-D716-3ADC-5A8F0F52662C}.Release|Any CPU.Build.0 = Release|Any CPU
	EndGlobalSection
	GlobalSection(SolutionProperties) = preSolution
		HideSolutionNode = FALSE
	EndGlobalSection
	GlobalSection(MonoDevelopProperties) = preSolution
		StartupItem = Assembly-CSharp.csproj
	EndGlobalSection
EndGlobal
